// !$*UTF8*$!
{
	archiveVersion = 1;
	classes = {
	};
	objectVersion = 50;
	objects = {

/* Begin PBXBuildFile section */
		844235BF23F4BC9D0024B0BB /* AppDelegate.swift in Sources */ = {isa = PBXBuildFile; fileRef = 844235BE23F4BC9D0024B0BB /* AppDelegate.swift */; };
		844235C123F4BC9D0024B0BB /* SceneDelegate.swift in Sources */ = {isa = PBXBuildFile; fileRef = 844235C023F4BC9D0024B0BB /* SceneDelegate.swift */; };
		844235C323F4BC9D0024B0BB /* ViewController.swift in Sources */ = {isa = PBXBuildFile; fileRef = 844235C223F4BC9D0024B0BB /* ViewController.swift */; };
		844235C623F4BC9D0024B0BB /* Main.storyboard in Resources */ = {isa = PBXBuildFile; fileRef = 844235C423F4BC9D0024B0BB /* Main.storyboard */; };
		844235C823F4BC9E0024B0BB /* Assets.xcassets in Resources */ = {isa = PBXBuildFile; fileRef = 844235C723F4BC9E0024B0BB /* Assets.xcassets */; };
		844235CB23F4BC9E0024B0BB /* LaunchScreen.storyboard in Resources */ = {isa = PBXBuildFile; fileRef = 844235C923F4BC9E0024B0BB /* LaunchScreen.storyboard */; };
/* End PBXBuildFile section */

/* Begin PBXFileReference section */
		844235BB23F4BC9D0024B0BB /* MarioKartDemo.app */ = {isa = PBXFileReference; explicitFileType = wrapper.application; includeInIndex = 0; path = MarioKartDemo.app; sourceTree = BUILT_PRODUCTS_DIR; };
		844235BE23F4BC9D0024B0BB /* AppDelegate.swift */ = {isa = PBXFileReference; lastKnownFileType = sourcecode.swift; path = AppDelegate.swift; sourceTree = "<group>"; };
		844235C023F4BC9D0024B0BB /* SceneDelegate.swift */ = {isa = PBXFileReference; lastKnownFileType = sourcecode.swift; path = SceneDelegate.swift; sourceTree = "<group>"; };
		844235C223F4BC9D0024B0BB /* ViewController.swift */ = {isa = PBXFileReference; lastKnownFileType = sourcecode.swift; path = ViewController.swift; sourceTree = "<group>"; };
		844235C523F4BC9D0024B0BB /* Base */ = {isa = PBXFileReference; lastKnownFileType = file.storyboard; name = Base; path = Base.lproj/Main.storyboard; sourceTree = "<group>"; };
		844235C723F4BC9E0024B0BB /* Assets.xcassets */ = {isa = PBXFileReference; lastKnownFileType = folder.assetcatalog; path = Assets.xcassets; sourceTree = "<group>"; };
		844235CA23F4BC9E0024B0BB /* Base */ = {isa = PBXFileReference; lastKnownFileType = file.storyboard; name = Base; path = Base.lproj/LaunchScreen.storyboard; sourceTree = "<group>"; };
		844235CC23F4BC9E0024B0BB /* Info.plist */ = {isa = PBXFileReference; lastKnownFileType = text.plist.xml; path = Info.plist; sourceTree = "<group>"; };
/* End PBXFileReference section */

/* Begin PBXFrameworksBuildPhase section */
		844235B823F4BC9D0024B0BB /* Frameworks */ = {
			isa = PBXFrameworksBuildPhase;
			buildActionMask = 2147483647;
			files = (
			);
			runOnlyForDeploymentPostprocessing = 0;
		};
/* End PBXFrameworksBuildPhase section */

/* Begin PBXGroup section */
		844235B223F4BC9D0024B0BB = {
			isa = PBXGroup;
			children = (
				844235BD23F4BC9D0024B0BB /* MarioKartDemo */,
				844235BC23F4BC9D0024B0BB /* Products */,
			);
			sourceTree = "<group>";
		};
		844235BC23F4BC9D0024B0BB /* Products */ = {
			isa = PBXGroup;
			children = (
				844235BB23F4BC9D0024B0BB /* MarioKartDemo.app */,
			);
			name = Products;
			sourceTree = "<group>";
		};
		844235BD23F4BC9D0024B0BB /* MarioKartDemo */ = {
			isa = PBXGroup;
			children = (
				844235BE23F4BC9D0024B0BB /* AppDelegate.swift */,
				844235C023F4BC9D0024B0BB /* SceneDelegate.swift */,
				844235C223F4BC9D0024B0BB /* ViewController.swift */,
				844235C423F4BC9D0024B0BB /* Main.storyboard */,
				844235C723F4BC9E0024B0BB /* Assets.xcassets */,
				844235C923F4BC9E0024B0BB /* LaunchScreen.storyboard */,
				844235CC23F4BC9E0024B0BB /* Info.plist */,
			);
			path = MarioKartDemo;
			sourceTree = "<group>";
		};
/* End PBXGroup section */

/* Begin PBXNativeTarget section */
		844235BA23F4BC9D0024B0BB /* MarioKartDemo */ = {
			isa = PBXNativeTarget;
			buildConfigurationList = 844235CF23F4BC9F0024B0BB /* Build configuration list for PBXNativeTarget "MarioKartDemo" */;
			buildPhases = (
				844235B723F4BC9D0024B0BB /* Sources */,
				844235B823F4BC9D0024B0BB /* Frameworks */,
				844235B923F4BC9D0024B0BB /* Resources */,
			);
			buildRules = (
			);
			dependencies = (
			);
			name = MarioKartDemo;
			productName = MarioKartDemo;
			productReference = 844235BB23F4BC9D0024B0BB /* MarioKartDemo.app */;
			productType = "com.apple.product-type.application";
		};
/* End PBXNativeTarget section */

/* Begin PBXProject section */
		844235B323F4BC9D0024B0BB /* Project object */ = {
			isa = PBXProject;
			attributes = {
				LastSwiftUpdateCheck = 1120;
				LastUpgradeCheck = 1120;
				ORGANIZATIONNAME = "Joseph Won";
				TargetAttributes = {
					844235BA23F4BC9D0024B0BB = {
						CreatedOnToolsVersion = 11.2.1;
					};
				};
			};
			buildConfigurationList = 844235B623F4BC9D0024B0BB /* Build configuration list for PBXProject "MarioKartDemo" */;
			compatibilityVersion = "Xcode 9.3";
			developmentRegion = en;
			hasScannedForEncodings = 0;
			knownRegions = (
				en,
				Base,
			);
			mainGroup = 844235B223F4BC9D0024B0BB;
			productRefGroup = 844235BC23F4BC9D0024B0BB /* Products */;
			projectDirPath = "";
			projectRoot = "";
			targets = (
				844235BA23F4BC9D0024B0BB /* MarioKartDemo */,
			);
		};
/* End PBXProject section */

/* Begin PBXResourcesBuildPhase section */
		844235B923F4BC9D0024B0BB /* Resources */ = {
			isa = PBXResourcesBuildPhase;
			buildActionMask = 2147483647;
			files = (
				844235CB23F4BC9E0024B0BB /* LaunchScreen.storyboard in Resources */,
				844235C823F4BC9E0024B0BB /* Assets.xcassets in Resources */,
				844235C623F4BC9D0024B0BB /* Main.storyboard in Resources */,
			);
			runOnlyForDeploymentPostprocessing = 0;
		};
/* End PBXResourcesBuildPhase section */

/* Begin PBXSourcesBuildPhase section */
		844235B723F4BC9D0024B0BB /* Sources */ = {
			isa = PBXSourcesBuildPhase;
			buildActionMask = 2147483647;
			files = (
				844235C323F4BC9D0024B0BB /* ViewController.swift in Sources */,
				844235BF23F4BC9D0024B0BB /* AppDelegate.swift in Sources */,
				844235C123F4BC9D0024B0BB /* SceneDelegate.swift in Sources */,
			);
			runOnlyForDeploymentPostprocessing = 0;
		};
/* End PBXSourcesBuildPhase section */

/* Begin PBXVariantGroup section */
		844235C423F4BC9D0024B0BB /* Main.storyboard */ = {
			isa = PBXVariantGroup;
			children = (
				844235C523F4BC9D0024B0BB /* Base */,
			);
			name = Main.storyboard;
			sourceTree = "<group>";
		};
		844235C923F4BC9E0024B0BB /* LaunchScreen.storyboard */ = {
			isa = PBXVariantGroup;
			children = (
				844235CA23F4BC9E0024B0BB /* Base */,
			);
			name = LaunchScreen.storyboard;
			sourceTree = "<group>";
		};
/* End PBXVariantGroup section */

/* Begin XCBuildConfiguration section */
		844235CD23F4BC9F0024B0BB /* Debug */ = {
			isa = XCBuildConfiguration;
			buildSettings = {
				ALWAYS_SEARCH_USER_PATHS = NO;
				CLANG_ANALYZER_NONNULL = YES;
				CLANG_ANALYZER_NUMBER_OBJECT_CONVERSION = YES_AGGRESSIVE;
				CLANG_CXX_LANGUAGE_STANDARD = "gnu++14";
				CLANG_CXX_LIBRARY = "libc++";
				CLANG_ENABLE_MODULES = YES;
				CLANG_ENABLE_OBJC_ARC = YES;
				CLANG_ENABLE_OBJC_WEAK = YES;
				CLANG_WARN_BLOCK_CAPTURE_AUTORELEASING = YES;
				CLANG_WARN_BOOL_CONVERSION = YES;
				CLANG_WARN_COMMA = YES;
				CLANG_WARN_CONSTANT_CONVERSION = YES;
				CLANG_WARN_DEPRECATED_OBJC_IMPLEMENTATIONS = YES;
				CLANG_WARN_DIRECT_OBJC_ISA_USAGE = YES_ERROR;
				CLANG_WARN_DOCUMENTATION_COMMENTS = YES;
				CLANG_WARN_EMPTY_BODY = YES;
				CLANG_WARN_ENUM_CONVERSION = YES;
				CLANG_WARN_INFINITE_RECURSION = YES;
				CLANG_WARN_INT_CONVERSION = YES;
				CLANG_WARN_NON_LITERAL_NULL_CONVERSION = YES;
				CLANG_WARN_OBJC_IMPLICIT_RETAIN_SELF = YES;
				CLANG_WARN_OBJC_LITERAL_CONVERSION = YES;
				CLANG_WARN_OBJC_ROOT_CLASS = YES_ERROR;
				CLANG_WARN_RANGE_LOOP_ANALYSIS = YES;
				CLANG_WARN_STRICT_PROTOTYPES = YES;
				CLANG_WARN_SUSPICIOUS_MOVE = YES;
				CLANG_WARN_UNGUARDED_AVAILABILITY = YES_AGGRESSIVE;
				CLANG_WARN_UNREACHABLE_CODE = YES;
				CLANG_WARN__DUPLICATE_METHOD_MATCH = YES;
				COPY_PHASE_STRIP = NO;
				DEBUG_INFORMATION_FORMAT = dwarf;
				ENABLE_STRICT_OBJC_MSGSEND = YES;
				ENABLE_TESTABILITY = YES;
				GCC_C_LANGUAGE_STANDARD = gnu11;
				GCC_DYNAMIC_NO_PIC = NO;
				GCC_NO_COMMON_BLOCKS = YES;
				GCC_OPTIMIZATION_LEVEL = 0;
				GCC_PREPROCESSOR_DEFINITIONS = (
					"DEBUG=1",
					"$(inherited)",
				);
				GCC_WARN_64_TO_32_BIT_CONVERSION = YES;
				GCC_WARN_ABOUT_RETURN_TYPE = YES_ERROR;
				GCC_WARN_UNDECLARED_SELECTOR = YES;
				GCC_WARN_UNINITIALIZED_AUTOS = YES_AGGRESSIVE;
				GCC_WARN_UNUSED_FUNCTION = YES;
				GCC_WARN_UNUSED_VARIABLE = YES;
				IPHONEOS_DEPLOYMENT_TARGET = 13.2;
				MTL_ENABLE_DEBUG_INFO = INCLUDE_SOURCE;
				MTL_FAST_MATH = YES;
				ONLY_ACTIVE_ARCH = YES;
				SDKROOT = iphoneos;
				SWIFT_ACTIVE_COMPILATION_CONDITIONS = DEBUG;
				SWIFT_OPTIMIZATION_LEVEL = "-Onone";
			};
			name = Debug;
		};
		844235CE23F4BC9F0024B0BB /* Release */ = {
			isa = XCBuildConfiguration;
			buildSettings = {
				ALWAYS_SEARCH_USER_PATHS = NO;
				CLANG_ANALYZER_NONNULL = YES;
				CLANG_ANALYZER_NUMBER_OBJECT_CONVERSION = YES_AGGRESSIVE;
				CLANG_CXX_LANGUAGE_STANDARD = "gnu++14";
				CLANG_CXX_LIBRARY = "libc++";
				CLANG_ENABLE_MODULES = YES;
				CLANG_ENABLE_OBJC_ARC = YES;
				CLANG_ENABLE_OBJC_WEAK = YES;
				CLANG_WARN_BLOCK_CAPTURE_AUTORELEASING = YES;
				CLANG_WARN_BOOL_CONVERSION = YES;
				CLANG_WARN_COMMA = YES;
				CLANG_WARN_CONSTANT_CONVERSION = YES;
				CLANG_WARN_DEPRECATED_OBJC_IMPLEMENTATIONS = YES;
				CLANG_WARN_DIRECT_OBJC_ISA_USAGE = YES_ERROR;
				CLANG_WARN_DOCUMENTATION_COMMENTS = YES;
				CLANG_WARN_EMPTY_BODY = YES;
				CLANG_WARN_ENUM_CONVERSION = YES;
				CLANG_WARN_INFINITE_RECURSION = YES;
				CLANG_WARN_INT_CONVERSION = YES;
				CLANG_WARN_NON_LITERAL_NULL_CONVERSION = YES;
				CLANG_WARN_OBJC_IMPLICIT_RETAIN_SELF = YES;
				CLANG_WARN_OBJC_LITERAL_CONVERSION = YES;
				CLANG_WARN_OBJC_ROOT_CLASS = YES_ERROR;
				CLANG_WARN_RANGE_LOOP_ANALYSIS = YES;
				CLANG_WARN_STRICT_PROTOTYPES = YES;
				CLANG_WARN_SUSPICIOUS_MOVE = YES;
				CLANG_WARN_UNGUARDED_AVAILABILITY = YES_AGGRESSIVE;
				CLANG_WARN_UNREACHABLE_CODE = YES;
				CLANG_WARN__DUPLICATE_METHOD_MATCH = YES;
				COPY_PHASE_STRIP = NO;
				DEBUG_INFORMATION_FORMAT = "dwarf-with-dsym";
				ENABLE_NS_ASSERTIONS = NO;
				ENABLE_STRICT_OBJC_MSGSEND = YES;
				GCC_C_LANGUAGE_STANDARD = gnu11;
				GCC_NO_COMMON_BLOCKS = YES;
				GCC_WARN_64_TO_32_BIT_CONVERSION = YES;
				GCC_WARN_ABOUT_RETURN_TYPE = YES_ERROR;
				GCC_WARN_UNDECLARED_SELECTOR = YES;
				GCC_WARN_UNINITIALIZED_AUTOS = YES_AGGRESSIVE;
				GCC_WARN_UNUSED_FUNCTION = YES;
				GCC_WARN_UNUSED_VARIABLE = YES;
				IPHONEOS_DEPLOYMENT_TARGET = 13.2;
				MTL_ENABLE_DEBUG_INFO = NO;
				MTL_FAST_MATH = YES;
				SDKROOT = iphoneos;
				SWIFT_COMPILATION_MODE = wholemodule;
				SWIFT_OPTIMIZATION_LEVEL = "-O";
				VALIDATE_PRODUCT = YES;
			};
			name = Release;
		};
		844235D023F4BC9F0024B0BB /* Debug */ = {
			isa = XCBuildConfiguration;
			buildSettings = {
				ASSETCATALOG_COMPILER_APPICON_NAME = AppIcon;
				CODE_SIGN_STYLE = Automatic;
				DEVELOPMENT_TEAM = J2GNF7PKSK;
				INFOPLIST_FILE = MarioKartDemo/Info.plist;
				LD_RUNPATH_SEARCH_PATHS = (
					"$(inherited)",
					"@executable_path/Frameworks",
				);
				PRODUCT_BUNDLE_IDENTIFIER = com.josephwon.MarioKartDemo;
				PRODUCT_NAME = "$(TARGET_NAME)";
				SWIFT_VERSION = 5.0;
				TARGETED_DEVICE_FAMILY = "1,2";
			};
			name = Debug;
		};
		844235D123F4BC9F0024B0BB /* Release */ = {
			isa = XCBuildConfiguration;
			buildSettings = {
				ASSETCATALOG_COMPILER_APPICON_NAME = AppIcon;
				CODE_SIGN_STYLE = Automatic;
				DEVELOPMENT_TEAM = J2GNF7PKSK;
				INFOPLIST_FILE = MarioKartDemo/Info.plist;
				LD_RUNPATH_SEARCH_PATHS = (
					"$(inherited)",
					"@executable_path/Frameworks",
				);
				PRODUCT_BUNDLE_IDENTIFIER = com.josephwon.MarioKartDemo;
				PRODUCT_NAME = "$(TARGET_NAME)";
				SWIFT_VERSION = 5.0;
				TARGETED_DEVICE_FAMILY = "1,2";
			};
			name = Release;
		};
/* End XCBuildConfiguration section */

/* Begin XCConfigurationList section */
		844235B623F4BC9D0024B0BB /* Build configuration list for PBXProject "MarioKartDemo" */ = {
			isa = XCConfigurationList;
			buildConfigurations = (
				844235CD23F4BC9F0024B0BB /* Debug */,
				844235CE23F4BC9F0024B0BB /* Release */,
			);
			defaultConfigurationIsVisible = 0;
			defaultConfigurationName = Release;
		};
		844235CF23F4BC9F0024B0BB /* Build configuration list for PBXNativeTarget "MarioKartDemo" */ = {
			isa = XCConfigurationList;
			buildConfigurations = (
				844235D023F4BC9F0024B0BB /* Debug */,
				844235D123F4BC9F0024B0BB /* Release */,
			);
			defaultConfigurationIsVisible = 0;
			defaultConfigurationName = Release;
		};
/* End XCConfigurationList section */
	};
	rootObject = 844235B323F4BC9D0024B0BB /* Project object */;
}
